
Microsoft Visual Studio Solution File, Format Version 12.00
# Visual Studio Version 16
VisualStudioVersion = 16.0.31205.134
MinimumVisualStudioVersion = 10.0.40219.1
Project("{9A19103F-16F7-4668-BE54-9A1E7A4F7556}") = "AdvancedQueryAPI", "AdvancedQueryAPI.csproj", "{A8E1BEC7-7DFE-4B17-8EF1-E5FF5C51D4FD}"
EndProject
Project("{FAE04EC0-301F-11D3-BF4B-00C04F79EFBC}") = "ExpandedQueryParams", "..\ExpandedQueryParams\ExpandedQueryParams.csproj", "{60EA4A0A-1942-40BA-9440-B662A8BC1811}"
EndProject
Global
	GlobalSection(SolutionConfigurationPlatforms) = preSolution
		Debug|Any CPU = Debug|Any CPU
		Release|Any CPU = Release|Any CPU
	EndGlobalSection
	GlobalSection(ProjectConfigurationPlatforms) = postSolution
		{A8E1BEC7-7DFE-4B17-8EF1-E5FF5C51D4FD}.Debug|Any CPU.ActiveCfg = Debug|Any CPU
		{A8E1BEC7-7DFE-4B17-8EF1-E5FF5C51D4FD}.Debug|Any CPU.Build.0 = Debug|Any CPU
		{A8E1BEC7-7DFE-4B17-8EF1-E5FF5C51D4FD}.Release|Any CPU.ActiveCfg = Release|Any CPU
		{A8E1BEC7-7DFE-4B17-8EF1-E5FF5C51D4FD}.Release|Any CPU.Build.0 = Release|Any CPU
		{60EA4A0A-1942-40BA-9440-B662A8BC1811}.Debug|Any CPU.ActiveCfg = Debug|Any CPU
		{60EA4A0A-1942-40BA-9440-B662A8BC1811}.Debug|Any CPU.Build.0 = Debug|Any CPU
		{60EA4A0A-1942-40BA-9440-B662A8BC1811}.Release|Any CPU.ActiveCfg = Release|Any CPU
		{60EA4A0A-1942-40BA-9440-B662A8BC1811}.Release|Any CPU.Build.0 = Release|Any CPU
	EndGlobalSection
	GlobalSection(SolutionProperties) = preSolution
		HideSolutionNode = FALSE
	EndGlobalSection
	GlobalSection(ExtensibilityGlobals) = postSolution
		SolutionGuid = {AA7DD593-BBD4-4FE8-85D3-EE26E42715E8}
	EndGlobalSection
EndGlobal
